PODS:
  - ConsumerNetworking (1.0.0):
    - SwiftCairoCommon
  - ConsumerNetworking/UnitTests (1.0.0):
    - SwiftCairoCommon
  - Kingfisher (7.7.0)
  - MovieDetailsFeature (1.0.0):
    - SwiftCairoCommon
    - SwiftCairoDesignSystem
  - MoviesListFeature (1.0.0):
    - SwiftCairoCommon
    - SwiftCairoDesignSystem
  - MoviesListFeature/UnitTests (1.0.0):
    - SwiftCairoCommon
    - SwiftCairoDesignSystem
  - SwiftCairoCache (1.0.0):
    - SwiftCairoCommon
  - SwiftCairoCache/UnitTests (1.0.0):
    - SwiftCairoCommon
  - SwiftCairoCommon (1.0.0)
  - SwiftCairoDesignSystem (1.0.0):
    - Kingfisher

DEPENDENCIES:
  - ConsumerNetworking (from `.`)
  - ConsumerNetworking/UnitTests (from `.`)
  - MovieDetailsFeature (from `.`)
  - MoviesListFeature (from `.`)
  - MoviesListFeature/UnitTests (from `.`)
  - SwiftCairoCache (from `.`)
  - SwiftCairoCache/UnitTests (from `.`)
  - SwiftCairoCommon (from `.`)
  - SwiftCairoDesignSystem (from `.`)

SPEC REPOS:
  trunk:
    - Kingfisher

EXTERNAL SOURCES:
  ConsumerNetworking:
    :path: "."
  MovieDetailsFeature:
    :path: "."
  MoviesListFeature:
    :path: "."
  SwiftCairoCache:
    :path: "."
  SwiftCairoCommon:
    :path: "."
  SwiftCairoDesignSystem:
    :path: "."

SPEC CHECKSUMS:
  ConsumerNetworking: 63f58ea644f11e02c56e217123d793e206351c28
  Kingfisher: f043ac666dfc96c1f37604f93effb45a7ee3a3e1
  MovieDetailsFeature: a66b342bc4398f1bdf0e525a437265aa57f42bb6
  MoviesListFeature: 1f635a5e9ed0c8403cd1901987d4fe751e5f26c9
  SwiftCairoCache: becca812223943595e647c258fae3400ebcbc2df
  SwiftCairoCommon: 6b6817f34907a7e95c71cb2f2c71c2b5c7bc794e
  SwiftCairoDesignSystem: b49633a91b37b0871f2a29cb66319f85e209b20f

PODFILE CHECKSUM: 8595e50d5911e696be80ef674147b10c226e5a03

COCOAPODS: 1.12.1
